github.com/danil/equalastic v0.4.0 h1:SZZa0sNz5xKYNcNY+AHO718mcE+7B+yVddjL7EzshsI=
github.com/danil/equalastic v0.4.0/go.mod h1:R8We1ZvEhOsjpaMLZ94/E4xYpk23+xZFOEepcmyrEb4=
github.com/kinbiko/jsonassert v1.0.1 h1:8gdLmUaPWuxk2TzQSofKRqatFH6zwTF6AsUH4bugJYY=
github.com/kinbiko/jsonassert v1.0.1/go.mod h1:QRwBwiAsrcJpjw+L+Q4WS8psLxuUY+HylVZS/4j74TM=
